
Microsoft Visual Studio Solution File, Format Version 12.00
# Visual Studio 15
VisualStudioVersion = 15.0.26730.12
MinimumVisualStudioVersion = 10.0.40219.1
Project("{FAE04EC0-301F-11D3-BF4B-00C04F79EFBC}") = "Bus Ticket Calculator", "Bus Ticket Calculator\Bus Ticket Calculator.csproj", "{A9F43089-9689-4E7D-A4E5-1D614A624B21}"
EndProject
Project("{54435603-DBB4-11D2-8724-00A0C9A8B90C}") = "BusTicketCalculatorSetup", "BusTicketCalculatorSetup\BusTicketCalculatorSetup.vdproj", "{CC9A5FDA-5A5D-4F52-9669-FB522A437B33}"
EndProject
Global
	GlobalSection(SolutionConfigurationPlatforms) = preSolution
		Debug|Any CPU = Debug|Any CPU
		Release|Any CPU = Release|Any CPU
	EndGlobalSection
	GlobalSection(ProjectConfigurationPlatforms) = postSolution
		{A9F43089-9689-4E7D-A4E5-1D614A624B21}.Debug|Any CPU.ActiveCfg = Debug|Any CPU
		{A9F43089-9689-4E7D-A4E5-1D614A624B21}.Debug|Any CPU.Build.0 = Debug|Any CPU
		{A9F43089-9689-4E7D-A4E5-1D614A624B21}.Release|Any CPU.ActiveCfg = Release|Any CPU
		{A9F43089-9689-4E7D-A4E5-1D614A624B21}.Release|Any CPU.Build.0 = Release|Any CPU
		{CC9A5FDA-5A5D-4F52-9669-FB522A437B33}.Debug|Any CPU.ActiveCfg = Debug
		{CC9A5FDA-5A5D-4F52-9669-FB522A437B33}.Release|Any CPU.ActiveCfg = Release
	EndGlobalSection
	GlobalSection(SolutionProperties) = preSolution
		HideSolutionNode = FALSE
	EndGlobalSection
	GlobalSection(ExtensibilityGlobals) = postSolution
		SolutionGuid = {8DF2B5CD-1D6A-4465-B18F-79E127076366}
	EndGlobalSection
EndGlobal
